
Microsoft Visual Studio Solution File, Format Version 12.00
Project("{FAE04EC0-301F-11D3-BF4B-00C04F79EFBC}") = "TurboTurbo", "TurboTurbo\TurboTurbo.csproj", "{E38B3BB5-835F-4D33-BFE7-0FA65B155714}"
EndProject
Project("{FAE04EC0-301F-11D3-BF4B-00C04F79EFBC}") = "WhineBench", "WhineBench\WhineBench.csproj", "{A60901DE-FA01-4520-BA26-F4D64ABDCEA5}"
EndProject
Project("{FAE04EC0-301F-11D3-BF4B-00C04F79EFBC}") = "TurboTurboTests", "TurboTurboTests\TurboTurboTests.csproj", "{E0B89A2B-BF09-483B-AAD1-46B8D776B1D3}"
EndProject
Project("{2150E333-8FDC-42A3-9474-1A3956D46DE8}") = "Configuration", "Configuration", "{9B88E0F8-3E8E-4D12-9697-538DB7EBFDC0}"
	ProjectSection(SolutionItems) = preProject
		.editorconfig = .editorconfig
		.gitignore = .gitignore
	EndProjectSection
EndProject
Global
	GlobalSection(SolutionConfigurationPlatforms) = preSolution
		Debug|Any CPU = Debug|Any CPU
		Release|Any CPU = Release|Any CPU
	EndGlobalSection
	GlobalSection(ProjectConfigurationPlatforms) = postSolution
		{E38B3BB5-835F-4D33-BFE7-0FA65B155714}.Debug|Any CPU.ActiveCfg = Debug|Any CPU
		{E38B3BB5-835F-4D33-BFE7-0FA65B155714}.Debug|Any CPU.Build.0 = Debug|Any CPU
		{E38B3BB5-835F-4D33-BFE7-0FA65B155714}.Release|Any CPU.ActiveCfg = Release|Any CPU
		{E38B3BB5-835F-4D33-BFE7-0FA65B155714}.Release|Any CPU.Build.0 = Release|Any CPU
		{A60901DE-FA01-4520-BA26-F4D64ABDCEA5}.Debug|Any CPU.ActiveCfg = Debug|Any CPU
		{A60901DE-FA01-4520-BA26-F4D64ABDCEA5}.Debug|Any CPU.Build.0 = Debug|Any CPU
		{A60901DE-FA01-4520-BA26-F4D64ABDCEA5}.Release|Any CPU.ActiveCfg = Release|Any CPU
		{A60901DE-FA01-4520-BA26-F4D64ABDCEA5}.Release|Any CPU.Build.0 = Release|Any CPU
		{E0B89A2B-BF09-483B-AAD1-46B8D776B1D3}.Debug|Any CPU.ActiveCfg = Debug|Any CPU
		{E0B89A2B-BF09-483B-AAD1-46B8D776B1D3}.Debug|Any CPU.Build.0 = Debug|Any CPU
		{E0B89A2B-BF09-483B-AAD1-46B8D776B1D3}.Release|Any CPU.ActiveCfg = Release|Any CPU
		{E0B89A2B-BF09-483B-AAD1-46B8D776B1D3}.Release|Any CPU.Build.0 = Release|Any CPU
	EndGlobalSection
EndGlobal
